
Microsoft Visual Studio Solution File, Format Version 12.00
# Visual Studio Version 16
VisualStudioVersion = 16.0.810.25
MinimumVisualStudioVersion = 10.0.40219.1
Project("{FAE04EC0-301F-11D3-BF4B-00C04F79EFBC}") = "Server", "Server\Server.csproj", "{7380E464-85FD-4817-A5B1-E6BA1777FF6A}"
EndProject
Project("{FAE04EC0-301F-11D3-BF4B-00C04F79EFBC}") = "Scripts", "Scripts\Scripts.csproj", "{FACF59FF-EF57-4FE7-A4C1-6B06F440D52B}"
EndProject
Global
	GlobalSection(SolutionConfigurationPlatforms) = preSolution
		Debug|anycpu = Debug|anycpu
		Release|anycpu = Release|anycpu
	EndGlobalSection
	GlobalSection(ProjectConfigurationPlatforms) = postSolution
		{7380E464-85FD-4817-A5B1-E6BA1777FF6A}.Debug|anycpu.ActiveCfg = Debug|Any CPU
		{7380E464-85FD-4817-A5B1-E6BA1777FF6A}.Debug|anycpu.Build.0 = Debug|Any CPU
		{7380E464-85FD-4817-A5B1-E6BA1777FF6A}.Release|anycpu.ActiveCfg = Release|Any CPU
		{7380E464-85FD-4817-A5B1-E6BA1777FF6A}.Release|anycpu.Build.0 = Release|Any CPU
		{FACF59FF-EF57-4FE7-A4C1-6B06F440D52B}.Debug|anycpu.ActiveCfg = Debug|Any CPU
		{FACF59FF-EF57-4FE7-A4C1-6B06F440D52B}.Debug|anycpu.Build.0 = Debug|Any CPU
		{FACF59FF-EF57-4FE7-A4C1-6B06F440D52B}.Release|anycpu.ActiveCfg = Release|Any CPU
		{FACF59FF-EF57-4FE7-A4C1-6B06F440D52B}.Release|anycpu.Build.0 = Release|Any CPU
	EndGlobalSection
	GlobalSection(SolutionProperties) = preSolution
		HideSolutionNode = FALSE
	EndGlobalSection
	GlobalSection(ExtensibilityGlobals) = postSolution
		SolutionGuid = {AD768040-F75E-4C13-A5E8-D2BDBA091A76}
	EndGlobalSection
	GlobalSection(MonoDevelopProperties) = preSolution
		Policies = $0
		$0.DotNetNamingPolicy = $1
		$1.DirectoryNamespaceAssociation = PrefixedHierarchical
		$0.StandardHeader = $2
	EndGlobalSection
EndGlobal
